
Microsoft Visual Studio Solution File, Format Version 12.00
# Visual Studio Version 16
VisualStudioVersion = 16.0.29215.179
MinimumVisualStudioVersion = 10.0.40219.1
Project("{8BC9CEB8-8B4A-11D0-8D11-00A0C91BC942}") = "Project1", "Project1\Project1.vcxproj", "{0C75D00F-D46B-4EB2-8BB5-7F0A9EDFCDF2}"
EndProject
Project("{8BC9CEB8-8B4A-11D0-8D11-00A0C91BC942}") = "Project2", "Project2\Project2.vcxproj", "{7673D034-DA2D-45C3-8A67-864EFF5F4478}"
EndProject
Project("{8BC9CEB8-8B4A-11D0-8D11-00A0C91BC942}") = "Project3", "Project3\Project3.vcxproj", "{0CEDBA31-E60B-4DF4-81AB-18EB1A3A3C77}"
EndProject
Global
	GlobalSection(SolutionConfigurationPlatforms) = preSolution
		Debug|x64 = Debug|x64
		Debug|x86 = Debug|x86
		Release|x64 = Release|x64
		Release|x86 = Release|x86
	EndGlobalSection
	GlobalSection(ProjectConfigurationPlatforms) = postSolution
		{0C75D00F-D46B-4EB2-8BB5-7F0A9EDFCDF2}.Debug|x64.ActiveCfg = Debug|x64
		{0C75D00F-D46B-4EB2-8BB5-7F0A9EDFCDF2}.Debug|x64.Build.0 = Debug|x64
		{0C75D00F-D46B-4EB2-8BB5-7F0A9EDFCDF2}.Debug|x86.ActiveCfg = Debug|Win32
		{0C75D00F-D46B-4EB2-8BB5-7F0A9EDFCDF2}.Debug|x86.Build.0 = Debug|Win32
		{0C75D00F-D46B-4EB2-8BB5-7F0A9EDFCDF2}.Release|x64.ActiveCfg = Release|x64
		{0C75D00F-D46B-4EB2-8BB5-7F0A9EDFCDF2}.Release|x64.Build.0 = Release|x64
		{0C75D00F-D46B-4EB2-8BB5-7F0A9EDFCDF2}.Release|x86.ActiveCfg = Release|Win32
		{0C75D00F-D46B-4EB2-8BB5-7F0A9EDFCDF2}.Release|x86.Build.0 = Release|Win32
		{7673D034-DA2D-45C3-8A67-864EFF5F4478}.Debug|x64.ActiveCfg = Debug|x64
		{7673D034-DA2D-45C3-8A67-864EFF5F4478}.Debug|x64.Build.0 = Debug|x64
		{7673D034-DA2D-45C3-8A67-864EFF5F4478}.Debug|x86.ActiveCfg = Debug|Win32
		{7673D034-DA2D-45C3-8A67-864EFF5F4478}.Debug|x86.Build.0 = Debug|Win32
		{7673D034-DA2D-45C3-8A67-864EFF5F4478}.Release|x64.ActiveCfg = Release|x64
		{7673D034-DA2D-45C3-8A67-864EFF5F4478}.Release|x64.Build.0 = Release|x64
		{7673D034-DA2D-45C3-8A67-864EFF5F4478}.Release|x86.ActiveCfg = Release|Win32
		{7673D034-DA2D-45C3-8A67-864EFF5F4478}.Release|x86.Build.0 = Release|Win32
		{0CEDBA31-E60B-4DF4-81AB-18EB1A3A3C77}.Debug|x64.ActiveCfg = Debug|x64
		{0CEDBA31-E60B-4DF4-81AB-18EB1A3A3C77}.Debug|x64.Build.0 = Debug|x64
		{0CEDBA31-E60B-4DF4-81AB-18EB1A3A3C77}.Debug|x86.ActiveCfg = Debug|Win32
		{0CEDBA31-E60B-4DF4-81AB-18EB1A3A3C77}.Debug|x86.Build.0 = Debug|Win32
		{0CEDBA31-E60B-4DF4-81AB-18EB1A3A3C77}.Release|x64.ActiveCfg = Release|x64
		{0CEDBA31-E60B-4DF4-81AB-18EB1A3A3C77}.Release|x64.Build.0 = Release|x64
		{0CEDBA31-E60B-4DF4-81AB-18EB1A3A3C77}.Release|x86.ActiveCfg = Release|Win32
		{0CEDBA31-E60B-4DF4-81AB-18EB1A3A3C77}.Release|x86.Build.0 = Release|Win32
	EndGlobalSection
	GlobalSection(SolutionProperties) = preSolution
		HideSolutionNode = FALSE
	EndGlobalSection
	GlobalSection(ExtensibilityGlobals) = postSolution
		SolutionGuid = {D8B1E8DC-10A9-404E-88F8-13EB570D427C}
	EndGlobalSection
EndGlobal
